
Microsoft Visual Studio Solution File, Format Version 12.00
# Visual Studio Version 16
VisualStudioVersion = 16.0.31005.135
MinimumVisualStudioVersion = 10.0.40219.1
Project("{FAE04EC0-301F-11D3-BF4B-00C04F79EFBC}") = "C969 - Seth Meyer - Scheduling Software", "C969 - Seth Meyer - Scheduling Software\C969 - Seth Meyer - Scheduling Software.csproj", "{4F653D40-C6D7-4BB8-906E-82C0C8EAB202}"
EndProject
Global
	GlobalSection(SolutionConfigurationPlatforms) = preSolution
		Debug|Any CPU = Debug|Any CPU
		Release|Any CPU = Release|Any CPU
	EndGlobalSection
	GlobalSection(ProjectConfigurationPlatforms) = postSolution
		{4F653D40-C6D7-4BB8-906E-82C0C8EAB202}.Debug|Any CPU.ActiveCfg = Debug|Any CPU
		{4F653D40-C6D7-4BB8-906E-82C0C8EAB202}.Debug|Any CPU.Build.0 = Debug|Any CPU
		{4F653D40-C6D7-4BB8-906E-82C0C8EAB202}.Release|Any CPU.ActiveCfg = Release|Any CPU
		{4F653D40-C6D7-4BB8-906E-82C0C8EAB202}.Release|Any CPU.Build.0 = Release|Any CPU
	EndGlobalSection
	GlobalSection(SolutionProperties) = preSolution
		HideSolutionNode = FALSE
	EndGlobalSection
	GlobalSection(ExtensibilityGlobals) = postSolution
		SolutionGuid = {2D4899EF-B9D5-4E71-8528-8CD8A478C9BC}
	EndGlobalSection
EndGlobal
